
Microsoft Visual Studio Solution File, Format Version 12.00
# Visual Studio Version 16
VisualStudioVersion = 16.0.30114.105
MinimumVisualStudioVersion = 10.0.40219.1
Project("{FAE04EC0-301F-11D3-BF4B-00C04F79EFBC}") = "ConsoleApp", "ConsoleApp\ConsoleApp.csproj", "{AEBFF49A-0A35-405D-9DE2-CA73B2D77765}"
EndProject
Global
	GlobalSection(SolutionConfigurationPlatforms) = preSolution
		Debug|Any CPU = Debug|Any CPU
		Release|Any CPU = Release|Any CPU
	EndGlobalSection
	GlobalSection(SolutionProperties) = preSolution
		HideSolutionNode = FALSE
	EndGlobalSection
	GlobalSection(ProjectConfigurationPlatforms) = postSolution
		{AEBFF49A-0A35-405D-9DE2-CA73B2D77765}.Debug|Any CPU.ActiveCfg = Debug|Any CPU
		{AEBFF49A-0A35-405D-9DE2-CA73B2D77765}.Debug|Any CPU.Build.0 = Debug|Any CPU
		{AEBFF49A-0A35-405D-9DE2-CA73B2D77765}.Release|Any CPU.ActiveCfg = Release|Any CPU
		{AEBFF49A-0A35-405D-9DE2-CA73B2D77765}.Release|Any CPU.Build.0 = Release|Any CPU
	EndGlobalSection
EndGlobal
